// !$*UTF8*$!
{
	archiveVersion = 1;
	classes = {
	};
	objectVersion = 46;
	objects = {

/* Begin PBXBuildFile section */
		0771A05620CDFF98135AD933 /* Pods_bigdayUITests.framework in Frameworks */ = {isa = PBXBuildFile; fileRef = EEB1AA5CA9C45307F7479DB4 /* Pods_bigdayUITests.framework */; };
		492F57FFFC47AE388BAA691E /* Pods_bigdayTests.framework in Frameworks */ = {isa = PBXBuildFile; fileRef = 3A1D678162CF88E6BB1884C8 /* Pods_bigdayTests.framework */; };
		4D728B751EA7A115006F4BC0 /* Hipsta-Regular.otf in Resources */ = {isa = PBXBuildFile; fileRef = 4D728B741EA79B6B006F4BC0 /* Hipsta-Regular.otf */; };
		4DA6F0241EA61B0F00382210 /* AppDelegate.swift in Sources */ = {isa = PBXBuildFile; fileRef = 4DA6F0231EA61B0F00382210 /* AppDelegate.swift */; };
		4DA6F0261EA61B0F00382210 /* InfoViewController.swift in Sources */ = {isa = PBXBuildFile; fileRef = 4DA6F0251EA61B0F00382210 /* InfoViewController.swift */; };
		4DA6F0281EA61B0F00382210 /* SecondViewController.swift in Sources */ = {isa = PBXBuildFile; fileRef = 4DA6F0271EA61B0F00382210 /* SecondViewController.swift */; };
		4DA6F02B1EA61B0F00382210 /* Main.storyboard in Resources */ = {isa = PBXBuildFile; fileRef = 4DA6F0291EA61B0F00382210 /* Main.storyboard */; };
		4DA6F02D1EA61B0F00382210 /* Assets.xcassets in Resources */ = {isa = PBXBuildFile; fileRef = 4DA6F02C1EA61B0F00382210 /* Assets.xcassets */; };
		4DA6F0301EA61B0F00382210 /* LaunchScreen.storyboard in Resources */ = {isa = PBXBuildFile; fileRef = 4DA6F02E1EA61B0F00382210 /* LaunchScreen.storyboard */; };
		4DA6F03B1EA61B1000382210 /* bigdayTests.swift in Sources */ = {isa = PBXBuildFile; fileRef = 4DA6F03A1EA61B1000382210 /* bigdayTests.swift */; };
		4DA6F0461EA61B1000382210 /* bigdayUITests.swift in Sources */ = {isa = PBXBuildFile; fileRef = 4DA6F0451EA61B1000382210 /* bigdayUITests.swift */; };
		4DA6F0541EA61C2400382210 /* LoginController.swift in Sources */ = {isa = PBXBuildFile; fileRef = 4DA6F0531EA61C2400382210 /* LoginController.swift */; };
		4DFC47221EA8F0D800D31357 /* BackendService.swift in Sources */ = {isa = PBXBuildFile; fileRef = 4DFC47211EA8F0D800D31357 /* BackendService.swift */; };
		957EBC330F9AAF87C0DC602D /* Pods_bigday.framework in Frameworks */ = {isa = PBXBuildFile; fileRef = F729789F9BE4B7F516B8856D /* Pods_bigday.framework */; };
/* End PBXBuildFile section */

/* Begin PBXContainerItemProxy section */
		4DA6F0371EA61B1000382210 /* PBXContainerItemProxy */ = {
			isa = PBXContainerItemProxy;
			containerPortal = 4DA6F0181EA61B0F00382210 /* Project object */;
			proxyType = 1;
			remoteGlobalIDString = 4DA6F01F1EA61B0F00382210;
			remoteInfo = bigday;
		};
		4DA6F0421EA61B1000382210 /* PBXContainerItemProxy */ = {
			isa = PBXContainerItemProxy;
			containerPortal = 4DA6F0181EA61B0F00382210 /* Project object */;
			proxyType = 1;
			remoteGlobalIDString = 4DA6F01F1EA61B0F00382210;
			remoteInfo = bigday;
		};
/* End PBXContainerItemProxy section */

/* Begin PBXFileReference section */
		3A1D678162CF88E6BB1884C8 /* Pods_bigdayTests.framework */ = {isa = PBXFileReference; explicitFileType = wrapper.framework; includeInIndex = 0; path = Pods_bigdayTests.framework; sourceTree = BUILT_PRODUCTS_DIR; };
		45A863933463191437F71E8C /* Pods-bigdayUITests.debug.xcconfig */ = {isa = PBXFileReference; includeInIndex = 1; lastKnownFileType = text.xcconfig; name = "Pods-bigdayUITests.debug.xcconfig"; path = "Pods/Target Support Files/Pods-bigdayUITests/Pods-bigdayUITests.debug.xcconfig"; sourceTree = "<group>"; };
		4D728B741EA79B6B006F4BC0 /* Hipsta-Regular.otf */ = {isa = PBXFileReference; lastKnownFileType = file; name = "Hipsta-Regular.otf"; path = "../../../../Downloads/Hipsta-font/Hipsta-Regular.otf"; sourceTree = "<group>"; };
		4DA6F0201EA61B0F00382210 /* bigday.app */ = {isa = PBXFileReference; explicitFileType = wrapper.application; includeInIndex = 0; path = bigday.app; sourceTree = BUILT_PRODUCTS_DIR; };
		4DA6F0231EA61B0F00382210 /* AppDelegate.swift */ = {isa = PBXFileReference; lastKnownFileType = sourcecode.swift; path = AppDelegate.swift; sourceTree = "<group>"; };
		4DA6F0251EA61B0F00382210 /* InfoViewController.swift */ = {isa = PBXFileReference; lastKnownFileType = sourcecode.swift; path = InfoViewController.swift; sourceTree = "<group>"; };
		4DA6F0271EA61B0F00382210 /* SecondViewController.swift */ = {isa = PBXFileReference; lastKnownFileType = sourcecode.swift; path = SecondViewController.swift; sourceTree = "<group>"; };
		4DA6F02A1EA61B0F00382210 /* Base */ = {isa = PBXFileReference; lastKnownFileType = file.storyboard; name = Base; path = Base.lproj/Main.storyboard; sourceTree = "<group>"; };
		4DA6F02C1EA61B0F00382210 /* Assets.xcassets */ = {isa = PBXFileReference; lastKnownFileType = folder.assetcatalog; path = Assets.xcassets; sourceTree = "<group>"; };
		4DA6F02F1EA61B0F00382210 /* Base */ = {isa = PBXFileReference; lastKnownFileType = file.storyboard; name = Base; path = Base.lproj/LaunchScreen.storyboard; sourceTree = "<group>"; };
		4DA6F0311EA61B0F00382210 /* Info.plist */ = {isa = PBXFileReference; lastKnownFileType = text.plist.xml; path = Info.plist; sourceTree = "<group>"; };
		4DA6F0361EA61B1000382210 /* bigdayTests.xctest */ = {isa = PBXFileReference; explicitFileType = wrapper.cfbundle; includeInIndex = 0; path = bigdayTests.xctest; sourceTree = BUILT_PRODUCTS_DIR; };
		4DA6F03A1EA61B1000382210 /* bigdayTests.swift */ = {isa = PBXFileReference; lastKnownFileType = sourcecode.swift; path = bigdayTests.swift; sourceTree = "<group>"; };
		4DA6F03C1EA61B1000382210 /* Info.plist */ = {isa = PBXFileReference; lastKnownFileType = text.plist.xml; path = Info.plist; sourceTree = "<group>"; };
		4DA6F0411EA61B1000382210 /* bigdayUITests.xctest */ = {isa = PBXFileReference; explicitFileType = wrapper.cfbundle; includeInIndex = 0; path = bigdayUITests.xctest; sourceTree = BUILT_PRODUCTS_DIR; };
		4DA6F0451EA61B1000382210 /* bigdayUITests.swift */ = {isa = PBXFileReference; lastKnownFileType = sourcecode.swift; path = bigdayUITests.swift; sourceTree = "<group>"; };
		4DA6F0471EA61B1000382210 /* Info.plist */ = {isa = PBXFileReference; lastKnownFileType = text.plist.xml; path = Info.plist; sourceTree = "<group>"; };
		4DA6F0531EA61C2400382210 /* LoginController.swift */ = {isa = PBXFileReference; fileEncoding = 4; lastKnownFileType = sourcecode.swift; path = LoginController.swift; sourceTree = "<group>"; };
		4DFC47211EA8F0D800D31357 /* BackendService.swift */ = {isa = PBXFileReference; fileEncoding = 4; lastKnownFileType = sourcecode.swift; path = BackendService.swift; sourceTree = "<group>"; };
		7300A5820F36E57B66BF2F55 /* Pods-bigdayUITests.release.xcconfig */ = {isa = PBXFileReference; includeInIndex = 1; lastKnownFileType = text.xcconfig; name = "Pods-bigdayUITests.release.xcconfig"; path = "Pods/Target Support Files/Pods-bigdayUITests/Pods-bigdayUITests.release.xcconfig"; sourceTree = "<group>"; };
		7F871912B26235A9AB9E2D9F /* Pods-bigdayTests.debug.xcconfig */ = {isa = PBXFileReference; includeInIndex = 1; lastKnownFileType = text.xcconfig; name = "Pods-bigdayTests.debug.xcconfig"; path = "Pods/Target Support Files/Pods-bigdayTests/Pods-bigdayTests.debug.xcconfig"; sourceTree = "<group>"; };
		891C4D1EDB10EDC5BA129457 /* Pods-bigday.release.xcconfig */ = {isa = PBXFileReference; includeInIndex = 1; lastKnownFileType = text.xcconfig; name = "Pods-bigday.release.xcconfig"; path = "Pods/Target Support Files/Pods-bigday/Pods-bigday.release.xcconfig"; sourceTree = "<group>"; };
		C97623C831E518F0C7D8F533 /* Pods-bigday.debug.xcconfig */ = {isa = PBXFileReference; includeInIndex = 1; lastKnownFileType = text.xcconfig; name = "Pods-bigday.debug.xcconfig"; path = "Pods/Target Support Files/Pods-bigday/Pods-bigday.debug.xcconfig"; sourceTree = "<group>"; };
		CEEC9D5C2557A5AA284FC699 /* Pods-bigdayTests.release.xcconfig */ = {isa = PBXFileReference; includeInIndex = 1; lastKnownFileType = text.xcconfig; name = "Pods-bigdayTests.release.xcconfig"; path = "Pods/Target Support Files/Pods-bigdayTests/Pods-bigdayTests.release.xcconfig"; sourceTree = "<group>"; };
		EEB1AA5CA9C45307F7479DB4 /* Pods_bigdayUITests.framework */ = {isa = PBXFileReference; explicitFileType = wrapper.framework; includeInIndex = 0; path = Pods_bigdayUITests.framework; sourceTree = BUILT_PRODUCTS_DIR; };
		F729789F9BE4B7F516B8856D /* Pods_bigday.framework */ = {isa = PBXFileReference; explicitFileType = wrapper.framework; includeInIndex = 0; path = Pods_bigday.framework; sourceTree = BUILT_PRODUCTS_DIR; };
/* End PBXFileReference section */

/* Begin PBXFrameworksBuildPhase section */
		4DA6F01D1EA61B0F00382210 /* Frameworks */ = {
			isa = PBXFrameworksBuildPhase;
			buildActionMask = 2147483647;
			files = (
				957EBC330F9AAF87C0DC602D /* Pods_bigday.framework in Frameworks */,
			);
			runOnlyForDeploymentPostprocessing = 0;
		};
		4DA6F0331EA61B1000382210 /* Frameworks */ = {
			isa = PBXFrameworksBuildPhase;
			buildActionMask = 2147483647;
			files = (
				492F57FFFC47AE388BAA691E /* Pods_bigdayTests.framework in Frameworks */,
			);
			runOnlyForDeploymentPostprocessing = 0;
		};
		4DA6F03E1EA61B1000382210 /* Frameworks */ = {
			isa = PBXFrameworksBuildPhase;
			buildActionMask = 2147483647;
			files = (
				0771A05620CDFF98135AD933 /* Pods_bigdayUITests.framework in Frameworks */,
			);
			runOnlyForDeploymentPostprocessing = 0;
		};
/* End PBXFrameworksBuildPhase section */

/* Begin PBXGroup section */
		4DA6F0171EA61B0F00382210 = {
			isa = PBXGroup;
			children = (
				4DA6F0221EA61B0F00382210 /* bigday */,
				4DA6F0391EA61B1000382210 /* bigdayTests */,
				4DA6F0441EA61B1000382210 /* bigdayUITests */,
				4DA6F0211EA61B0F00382210 /* Products */,
				DD06B178BF6E41CCB3D247CD /* Pods */,
				58A4589698FEFA96FF709454 /* Frameworks */,
			);
			sourceTree = "<group>";
		};
		4DA6F0211EA61B0F00382210 /* Products */ = {
			isa = PBXGroup;
			children = (
				4DA6F0201EA61B0F00382210 /* bigday.app */,
				4DA6F0361EA61B1000382210 /* bigdayTests.xctest */,
				4DA6F0411EA61B1000382210 /* bigdayUITests.xctest */,
			);
			name = Products;
			sourceTree = "<group>";
		};
		4DA6F0221EA61B0F00382210 /* bigday */ = {
			isa = PBXGroup;
			children = (
				4DFC47201EA8F0B900D31357 /* Helpers */,
				4D728B741EA79B6B006F4BC0 /* Hipsta-Regular.otf */,
				4DA6F0231EA61B0F00382210 /* AppDelegate.swift */,
				4DA6F0251EA61B0F00382210 /* InfoViewController.swift */,
				4DA6F0271EA61B0F00382210 /* SecondViewController.swift */,
				4DA6F0291EA61B0F00382210 /* Main.storyboard */,
				4DA6F02C1EA61B0F00382210 /* Assets.xcassets */,
				4DA6F02E1EA61B0F00382210 /* LaunchScreen.storyboard */,
				4DA6F0311EA61B0F00382210 /* Info.plist */,
				4DA6F0531EA61C2400382210 /* LoginController.swift */,
			);
			path = bigday;
			sourceTree = "<group>";
		};
		4DA6F0391EA61B1000382210 /* bigdayTests */ = {
			isa = PBXGroup;
			children = (
				4DA6F03A1EA61B1000382210 /* bigdayTests.swift */,
				4DA6F03C1EA61B1000382210 /* Info.plist */,
			);
			path = bigdayTests;
			sourceTree = "<group>";
		};
		4DA6F0441EA61B1000382210 /* bigdayUITests */ = {
			isa = PBXGroup;
			children = (
				4DA6F0451EA61B1000382210 /* bigdayUITests.swift */,
				4DA6F0471EA61B1000382210 /* Info.plist */,
			);
			path = bigdayUITests;
			sourceTree = "<group>";
		};
		4DFC47201EA8F0B900D31357 /* Helpers */ = {
			isa = PBXGroup;
			children = (
				4DFC47211EA8F0D800D31357 /* BackendService.swift */,
			);
			name = Helpers;
			sourceTree = "<group>";
		};
		58A4589698FEFA96FF709454 /* Frameworks */ = {
			isa = PBXGroup;
			children = (
				F729789F9BE4B7F516B8856D /* Pods_bigday.framework */,
				3A1D678162CF88E6BB1884C8 /* Pods_bigdayTests.framework */,
				EEB1AA5CA9C45307F7479DB4 /* Pods_bigdayUITests.framework */,
			);
			name = Frameworks;
			sourceTree = "<group>";
		};
		DD06B178BF6E41CCB3D247CD /* Pods */ = {
			isa = PBXGroup;
			children = (
				C97623C831E518F0C7D8F533 /* Pods-bigday.debug.xcconfig */,
				891C4D1EDB10EDC5BA129457 /* Pods-bigday.release.xcconfig */,
				7F871912B26235A9AB9E2D9F /* Pods-bigdayTests.debug.xcconfig */,
				CEEC9D5C2557A5AA284FC699 /* Pods-bigdayTests.release.xcconfig */,
				45A863933463191437F71E8C /* Pods-bigdayUITests.debug.xcconfig */,
				7300A5820F36E57B66BF2F55 /* Pods-bigdayUITests.release.xcconfig */,
			);
			name = Pods;
			sourceTree = "<group>";
		};
/* End PBXGroup section */

/* Begin PBXNativeTarget section */
		4DA6F01F1EA61B0F00382210 /* bigday */ = {
			isa = PBXNativeTarget;
			buildConfigurationList = 4DA6F04A1EA61B1000382210 /* Build configuration list for PBXNativeTarget "bigday" */;
			buildPhases = (
				310EB2B1C5FA9FDD199AE5AD /* [CP] Check Pods Manifest.lock */,
				4DA6F01C1EA61B0F00382210 /* Sources */,
				4DA6F01D1EA61B0F00382210 /* Frameworks */,
				4DA6F01E1EA61B0F00382210 /* Resources */,
				1306D91DFF3C2C726F15ABF1 /* [CP] Embed Pods Frameworks */,
				64778E2954FC4286FDDFF97C /* [CP] Copy Pods Resources */,
			);
			buildRules = (
			);
			dependencies = (
			);
			name = bigday;
			productName = bigday;
			productReference = 4DA6F0201EA61B0F00382210 /* bigday.app */;
			productType = "com.apple.product-type.application";
		};
		4DA6F0351EA61B1000382210 /* bigdayTests */ = {
			isa = PBXNativeTarget;
			buildConfigurationList = 4DA6F04D1EA61B1000382210 /* Build configuration list for PBXNativeTarget "bigdayTests" */;
			buildPhases = (
				2109CA289AFC5A657F6B3E45 /* [CP] Check Pods Manifest.lock */,
				4DA6F0321EA61B1000382210 /* Sources */,
				4DA6F0331EA61B1000382210 /* Frameworks */,
				4DA6F0341EA61B1000382210 /* Resources */,
				9F6236173B9EA500B4059213 /* [CP] Embed Pods Frameworks */,
				10201FACF6C50B00260D51C5 /* [CP] Copy Pods Resources */,
			);
			buildRules = (
			);
			dependencies = (
				4DA6F0381EA61B1000382210 /* PBXTargetDependency */,
			);
			name = bigdayTests;
			productName = bigdayTests;
			productReference = 4DA6F0361EA61B1000382210 /* bigdayTests.xctest */;
			productType = "com.apple.product-type.bundle.unit-test";
		};
		4DA6F0401EA61B1000382210 /* bigdayUITests */ = {
			isa = PBXNativeTarget;
			buildConfigurationList = 4DA6F0501EA61B1000382210 /* Build configuration list for PBXNativeTarget "bigdayUITests" */;
			buildPhases = (
				2A1C5F398A04EA5338876FC4 /* [CP] Check Pods Manifest.lock */,
				4DA6F03D1EA61B1000382210 /* Sources */,
				4DA6F03E1EA61B1000382210 /* Frameworks */,
				4DA6F03F1EA61B1000382210 /* Resources */,
				2921EE29B8A3E699901A49CC /* [CP] Embed Pods Frameworks */,
				F96AEB6A4A688F3BADE4B7EB /* [CP] Copy Pods Resources */,
			);
			buildRules = (
			);
			dependencies = (
				4DA6F0431EA61B1000382210 /* PBXTargetDependency */,
			);
			name = bigdayUITests;
			productName = bigdayUITests;
			productReference = 4DA6F0411EA61B1000382210 /* bigdayUITests.xctest */;
			productType = "com.apple.product-type.bundle.ui-testing";
		};
/* End PBXNativeTarget section */

/* Begin PBXProject section */
		4DA6F0181EA61B0F00382210 /* Project object */ = {
			isa = PBXProject;
			attributes = {
				LastSwiftUpdateCheck = 0830;
				LastUpgradeCheck = 0830;
				ORGANIZATIONNAME = AppSquabble;
				TargetAttributes = {
					4DA6F01F1EA61B0F00382210 = {
						CreatedOnToolsVersion = 8.3.1;
						DevelopmentTeam = 8FXKP6L6U7;
						ProvisioningStyle = Automatic;
					};
					4DA6F0351EA61B1000382210 = {
						CreatedOnToolsVersion = 8.3.1;
						ProvisioningStyle = Automatic;
						TestTargetID = 4DA6F01F1EA61B0F00382210;
					};
					4DA6F0401EA61B1000382210 = {
						CreatedOnToolsVersion = 8.3.1;
						ProvisioningStyle = Automatic;
						TestTargetID = 4DA6F01F1EA61B0F00382210;
					};
				};
			};
			buildConfigurationList = 4DA6F01B1EA61B0F00382210 /* Build configuration list for PBXProject "bigday" */;
			compatibilityVersion = "Xcode 3.2";
			developmentRegion = English;
			hasScannedForEncodings = 0;
			knownRegions = (
				en,
				Base,
			);
			mainGroup = 4DA6F0171EA61B0F00382210;
			productRefGroup = 4DA6F0211EA61B0F00382210 /* Products */;
			projectDirPath = "";
			projectRoot = "";
			targets = (
				4DA6F01F1EA61B0F00382210 /* bigday */,
				4DA6F0351EA61B1000382210 /* bigdayTests */,
				4DA6F0401EA61B1000382210 /* bigdayUITests */,
			);
		};
/* End PBXProject section */

/* Begin PBXResourcesBuildPhase section */
		4DA6F01E1EA61B0F00382210 /* Resources */ = {
			isa = PBXResourcesBuildPhase;
			buildActionMask = 2147483647;
			files = (
				4DA6F0301EA61B0F00382210 /* LaunchScreen.storyboard in Resources */,
				4D728B751EA7A115006F4BC0 /* Hipsta-Regular.otf in Resources */,
				4DA6F02D1EA61B0F00382210 /* Assets.xcassets in Resources */,
				4DA6F02B1EA61B0F00382210 /* Main.storyboard in Resources */,
			);
			runOnlyForDeploymentPostprocessing = 0;
		};
		4DA6F0341EA61B1000382210 /* Resources */ = {
			isa = PBXResourcesBuildPhase;
			buildActionMask = 2147483647;
			files = (
			);
			runOnlyForDeploymentPostprocessing = 0;
		};
		4DA6F03F1EA61B1000382210 /* Resources */ = {
			isa = PBXResourcesBuildPhase;
			buildActionMask = 2147483647;
			files = (
			);
			runOnlyForDeploymentPostprocessing = 0;
		};
/* End PBXResourcesBuildPhase section */

/* Begin PBXShellScriptBuildPhase section */
		10201FACF6C50B00260D51C5 /* [CP] Copy Pods Resources */ = {
			isa = PBXShellScriptBuildPhase;
			buildActionMask = 2147483647;
			files = (
			);
			inputPaths = (
			);
			name = "[CP] Copy Pods Resources";
			outputPaths = (
			);
			runOnlyForDeploymentPostprocessing = 0;
			shellPath = /bin/sh;
			shellScript = "\"${SRCROOT}/Pods/Target Support Files/Pods-bigdayTests/Pods-bigdayTests-resources.sh\"\n";
			showEnvVarsInLog = 0;
		};
		1306D91DFF3C2C726F15ABF1 /* [CP] Embed Pods Frameworks */ = {
			isa = PBXShellScriptBuildPhase;
			buildActionMask = 2147483647;
			files = (
			);
			inputPaths = (
			);
			name = "[CP] Embed Pods Frameworks";
			outputPaths = (
			);
			runOnlyForDeploymentPostprocessing = 0;
			shellPath = /bin/sh;
			shellScript = "\"${SRCROOT}/Pods/Target Support Files/Pods-bigday/Pods-bigday-frameworks.sh\"\n";
			showEnvVarsInLog = 0;
		};
		2109CA289AFC5A657F6B3E45 /* [CP] Check Pods Manifest.lock */ = {
			isa = PBXShellScriptBuildPhase;
			buildActionMask = 2147483647;
			files = (
			);
			inputPaths = (
			);
			name = "[CP] Check Pods Manifest.lock";
			outputPaths = (
			);
			runOnlyForDeploymentPostprocessing = 0;
			shellPath = /bin/sh;
			shellScript = "diff \"${PODS_ROOT}/../Podfile.lock\" \"${PODS_ROOT}/Manifest.lock\" > /dev/null\nif [ $? != 0 ] ; then\n    # print error to STDERR\n    echo \"error: The sandbox is not in sync with the Podfile.lock. Run 'pod install' or update your CocoaPods installation.\" >&2\n    exit 1\nfi\n";
			showEnvVarsInLog = 0;
		};
		2921EE29B8A3E699901A49CC /* [CP] Embed Pods Frameworks */ = {
			isa = PBXShellScriptBuildPhase;
			buildActionMask = 2147483647;
			files = (
			);
			inputPaths = (
			);
			name = "[CP] Embed Pods Frameworks";
			outputPaths = (
			);
			runOnlyForDeploymentPostprocessing = 0;
			shellPath = /bin/sh;
			shellScript = "\"${SRCROOT}/Pods/Target Support Files/Pods-bigdayUITests/Pods-bigdayUITests-frameworks.sh\"\n";
			showEnvVarsInLog = 0;
		};
		2A1C5F398A04EA5338876FC4 /* [CP] Check Pods Manifest.lock */ = {
			isa = PBXShellScriptBuildPhase;
			buildActionMask = 2147483647;
			files = (
			);
			inputPaths = (
			);
			name = "[CP] Check Pods Manifest.lock";
			outputPaths = (
			);
			runOnlyForDeploymentPostprocessing = 0;
			shellPath = /bin/sh;
			shellScript = "diff \"${PODS_ROOT}/../Podfile.lock\" \"${PODS_ROOT}/Manifest.lock\" > /dev/null\nif [ $? != 0 ] ; then\n    # print error to STDERR\n    echo \"error: The sandbox is not in sync with the Podfile.lock. Run 'pod install' or update your CocoaPods installation.\" >&2\n    exit 1\nfi\n";
			showEnvVarsInLog = 0;
		};
		310EB2B1C5FA9FDD199AE5AD /* [CP] Check Pods Manifest.lock */ = {
			isa = PBXShellScriptBuildPhase;
			buildActionMask = 2147483647;
			files = (
			);
			inputPaths = (
			);
			name = "[CP] Check Pods Manifest.lock";
			outputPaths = (
			);
			runOnlyForDeploymentPostprocessing = 0;
			shellPath = /bin/sh;
			shellScript = "diff \"${PODS_ROOT}/../Podfile.lock\" \"${PODS_ROOT}/Manifest.lock\" > /dev/null\nif [ $? != 0 ] ; then\n    # print error to STDERR\n    echo \"error: The sandbox is not in sync with the Podfile.lock. Run 'pod install' or update your CocoaPods installation.\" >&2\n    exit 1\nfi\n";
			showEnvVarsInLog = 0;
		};
		64778E2954FC4286FDDFF97C /* [CP] Copy Pods Resources */ = {
			isa = PBXShellScriptBuildPhase;
			buildActionMask = 2147483647;
			files = (
			);
			inputPaths = (
			);
			name = "[CP] Copy Pods Resources";
			outputPaths = (
			);
			runOnlyForDeploymentPostprocessing = 0;
			shellPath = /bin/sh;
			shellScript = "\"${SRCROOT}/Pods/Target Support Files/Pods-bigday/Pods-bigday-resources.sh\"\n";
			showEnvVarsInLog = 0;
		};
		9F6236173B9EA500B4059213 /* [CP] Embed Pods Frameworks */ = {
			isa = PBXShellScriptBuildPhase;
			buildActionMask = 2147483647;
			files = (
			);
			inputPaths = (
			);
			name = "[CP] Embed Pods Frameworks";
			outputPaths = (
			);
			runOnlyForDeploymentPostprocessing = 0;
			shellPath = /bin/sh;
			shellScript = "\"${SRCROOT}/Pods/Target Support Files/Pods-bigdayTests/Pods-bigdayTests-frameworks.sh\"\n";
			showEnvVarsInLog = 0;
		};
		F96AEB6A4A688F3BADE4B7EB /* [CP] Copy Pods Resources */ = {
			isa = PBXShellScriptBuildPhase;
			buildActionMask = 2147483647;
			files = (
			);
			inputPaths = (
			);
			name = "[CP] Copy Pods Resources";
			outputPaths = (
			);
			runOnlyForDeploymentPostprocessing = 0;
			shellPath = /bin/sh;
			shellScript = "\"${SRCROOT}/Pods/Target Support Files/Pods-bigdayUITests/Pods-bigdayUITests-resources.sh\"\n";
			showEnvVarsInLog = 0;
		};
/* End PBXShellScriptBuildPhase section */

/* Begin PBXSourcesBuildPhase section */
		4DA6F01C1EA61B0F00382210 /* Sources */ = {
			isa = PBXSourcesBuildPhase;
			buildActionMask = 2147483647;
			files = (
				4DA6F0281EA61B0F00382210 /* SecondViewController.swift in Sources */,
				4DA6F0541EA61C2400382210 /* LoginController.swift in Sources */,
				4DA6F0241EA61B0F00382210 /* AppDelegate.swift in Sources */,
				4DA6F0261EA61B0F00382210 /* InfoViewController.swift in Sources */,
				4DFC47221EA8F0D800D31357 /* BackendService.swift in Sources */,
			);
			runOnlyForDeploymentPostprocessing = 0;
		};
		4DA6F0321EA61B1000382210 /* Sources */ = {
			isa = PBXSourcesBuildPhase;
			buildActionMask = 2147483647;
			files = (
				4DA6F03B1EA61B1000382210 /* bigdayTests.swift in Sources */,
			);
			runOnlyForDeploymentPostprocessing = 0;
		};
		4DA6F03D1EA61B1000382210 /* Sources */ = {
			isa = PBXSourcesBuildPhase;
			buildActionMask = 2147483647;
			files = (
				4DA6F0461EA61B1000382210 /* bigdayUITests.swift in Sources */,
			);
			runOnlyForDeploymentPostprocessing = 0;
		};
/* End PBXSourcesBuildPhase section */

/* Begin PBXTargetDependency section */
		4DA6F0381EA61B1000382210 /* PBXTargetDependency */ = {
			isa = PBXTargetDependency;
			target = 4DA6F01F1EA61B0F00382210 /* bigday */;
			targetProxy = 4DA6F0371EA61B1000382210 /* PBXContainerItemProxy */;
		};
		4DA6F0431EA61B1000382210 /* PBXTargetDependency */ = {
			isa = PBXTargetDependency;
			target = 4DA6F01F1EA61B0F00382210 /* bigday */;
			targetProxy = 4DA6F0421EA61B1000382210 /* PBXContainerItemProxy */;
		};
/* End PBXTargetDependency section */

/* Begin PBXVariantGroup section */
		4DA6F0291EA61B0F00382210 /* Main.storyboard */ = {
			isa = PBXVariantGroup;
			children = (
				4DA6F02A1EA61B0F00382210 /* Base */,
			);
			name = Main.storyboard;
			sourceTree = "<group>";
		};
		4DA6F02E1EA61B0F00382210 /* LaunchScreen.storyboard */ = {
			isa = PBXVariantGroup;
			children = (
				4DA6F02F1EA61B0F00382210 /* Base */,
			);
			name = LaunchScreen.storyboard;
			sourceTree = "<group>";
		};
/* End PBXVariantGroup section */

/* Begin XCBuildConfiguration section */
		4DA6F0481EA61B1000382210 /* Debug */ = {
			isa = XCBuildConfiguration;
			buildSettings = {
				ALWAYS_SEARCH_USER_PATHS = NO;
				CLANG_ANALYZER_NONNULL = YES;
				CLANG_ANALYZER_NUMBER_OBJECT_CONVERSION = YES_AGGRESSIVE;
				CLANG_CXX_LANGUAGE_STANDARD = "gnu++0x";
				CLANG_CXX_LIBRARY = "libc++";
				CLANG_ENABLE_MODULES = YES;
				CLANG_ENABLE_OBJC_ARC = YES;
				CLANG_WARN_BOOL_CONVERSION = YES;
				CLANG_WARN_CONSTANT_CONVERSION = YES;
				CLANG_WARN_DIRECT_OBJC_ISA_USAGE = YES_ERROR;
				CLANG_WARN_DOCUMENTATION_COMMENTS = YES;
				CLANG_WARN_EMPTY_BODY = YES;
				CLANG_WARN_ENUM_CONVERSION = YES;
				CLANG_WARN_INFINITE_RECURSION = YES;
				CLANG_WARN_INT_CONVERSION = YES;
				CLANG_WARN_OBJC_ROOT_CLASS = YES_ERROR;
				CLANG_WARN_SUSPICIOUS_MOVE = YES;
				CLANG_WARN_UNREACHABLE_CODE = YES;
				CLANG_WARN__DUPLICATE_METHOD_MATCH = YES;
				"CODE_SIGN_IDENTITY[sdk=iphoneos*]" = "iPhone Developer";
				COPY_PHASE_STRIP = NO;
				DEBUG_INFORMATION_FORMAT = dwarf;
				ENABLE_STRICT_OBJC_MSGSEND = YES;
				ENABLE_TESTABILITY = YES;
				GCC_C_LANGUAGE_STANDARD = gnu99;
				GCC_DYNAMIC_NO_PIC = NO;
				GCC_NO_COMMON_BLOCKS = YES;
				GCC_OPTIMIZATION_LEVEL = 0;
				GCC_PREPROCESSOR_DEFINITIONS = (
					"DEBUG=1",
					"$(inherited)",
				);
				GCC_WARN_64_TO_32_BIT_CONVERSION = YES;
				GCC_WARN_ABOUT_RETURN_TYPE = YES_ERROR;
				GCC_WARN_UNDECLARED_SELECTOR = YES;
				GCC_WARN_UNINITIALIZED_AUTOS = YES_AGGRESSIVE;
				GCC_WARN_UNUSED_FUNCTION = YES;
				GCC_WARN_UNUSED_VARIABLE = YES;
				IPHONEOS_DEPLOYMENT_TARGET = 10.3;
				MTL_ENABLE_DEBUG_INFO = YES;
				ONLY_ACTIVE_ARCH = YES;
				SDKROOT = iphoneos;
				SWIFT_ACTIVE_COMPILATION_CONDITIONS = DEBUG;
				SWIFT_OPTIMIZATION_LEVEL = "-Onone";
				TARGETED_DEVICE_FAMILY = "1,2";
			};
			name = Debug;
		};
		4DA6F0491EA61B1000382210 /* Release */ = {
			isa = XCBuildConfiguration;
			buildSettings = {
				ALWAYS_SEARCH_USER_PATHS = NO;
				CLANG_ANALYZER_NONNULL = YES;
				CLANG_ANALYZER_NUMBER_OBJECT_CONVERSION = YES_AGGRESSIVE;
				CLANG_CXX_LANGUAGE_STANDARD = "gnu++0x";
				CLANG_CXX_LIBRARY = "libc++";
				CLANG_ENABLE_MODULES = YES;
				CLANG_ENABLE_OBJC_ARC = YES;
				CLANG_WARN_BOOL_CONVERSION = YES;
				CLANG_WARN_CONSTANT_CONVERSION = YES;
				CLANG_WARN_DIRECT_OBJC_ISA_USAGE = YES_ERROR;
				CLANG_WARN_DOCUMENTATION_COMMENTS = YES;
				CLANG_WARN_EMPTY_BODY = YES;
				CLANG_WARN_ENUM_CONVERSION = YES;
				CLANG_WARN_INFINITE_RECURSION = YES;
				CLANG_WARN_INT_CONVERSION = YES;
				CLANG_WARN_OBJC_ROOT_CLASS = YES_ERROR;
				CLANG_WARN_SUSPICIOUS_MOVE = YES;
				CLANG_WARN_UNREACHABLE_CODE = YES;
				CLANG_WARN__DUPLICATE_METHOD_MATCH = YES;
				"CODE_SIGN_IDENTITY[sdk=iphoneos*]" = "iPhone Developer";
				COPY_PHASE_STRIP = NO;
				DEBUG_INFORMATION_FORMAT = "dwarf-with-dsym";
				ENABLE_NS_ASSERTIONS = NO;
				ENABLE_STRICT_OBJC_MSGSEND = YES;
				GCC_C_LANGUAGE_STANDARD = gnu99;
				GCC_NO_COMMON_BLOCKS = YES;
				GCC_WARN_64_TO_32_BIT_CONVERSION = YES;
				GCC_WARN_ABOUT_RETURN_TYPE = YES_ERROR;
				GCC_WARN_UNDECLARED_SELECTOR = YES;
				GCC_WARN_UNINITIALIZED_AUTOS = YES_AGGRESSIVE;
				GCC_WARN_UNUSED_FUNCTION = YES;
				GCC_WARN_UNUSED_VARIABLE = YES;
				IPHONEOS_DEPLOYMENT_TARGET = 10.3;
				MTL_ENABLE_DEBUG_INFO = NO;
				SDKROOT = iphoneos;
				SWIFT_OPTIMIZATION_LEVEL = "-Owholemodule";
				TARGETED_DEVICE_FAMILY = "1,2";
				VALIDATE_PRODUCT = YES;
			};
			name = Release;
		};
		4DA6F04B1EA61B1000382210 /* Debug */ = {
			isa = XCBuildConfiguration;
			baseConfigurationReference = C97623C831E518F0C7D8F533 /* Pods-bigday.debug.xcconfig */;
			buildSettings = {
				ASSETCATALOG_COMPILER_APPICON_NAME = AppIcon;
				DEVELOPMENT_TEAM = 8FXKP6L6U7;
				INFOPLIST_FILE = bigday/Info.plist;
				LD_RUNPATH_SEARCH_PATHS = "$(inherited) @executable_path/Frameworks";
				PRODUCT_BUNDLE_IDENTIFIER = com.appsquabble.bigday;
				PRODUCT_NAME = "$(TARGET_NAME)";
				SWIFT_VERSION = 3.0;
			};
			name = Debug;
		};
		4DA6F04C1EA61B1000382210 /* Release */ = {
			isa = XCBuildConfiguration;
			baseConfigurationReference = 891C4D1EDB10EDC5BA129457 /* Pods-bigday.release.xcconfig */;
			buildSettings = {
				ASSETCATALOG_COMPILER_APPICON_NAME = AppIcon;
				DEVELOPMENT_TEAM = 8FXKP6L6U7;
				INFOPLIST_FILE = bigday/Info.plist;
				LD_RUNPATH_SEARCH_PATHS = "$(inherited) @executable_path/Frameworks";
				PRODUCT_BUNDLE_IDENTIFIER = com.appsquabble.bigday;
				PRODUCT_NAME = "$(TARGET_NAME)";
				SWIFT_VERSION = 3.0;
			};
			name = Release;
		};
		4DA6F04E1EA61B1000382210 /* Debug */ = {
			isa = XCBuildConfiguration;
			baseConfigurationReference = 7F871912B26235A9AB9E2D9F /* Pods-bigdayTests.debug.xcconfig */;
			buildSettings = {
				ALWAYS_EMBED_SWIFT_STANDARD_LIBRARIES = YES;
				BUNDLE_LOADER = "$(TEST_HOST)";
				INFOPLIST_FILE = bigdayTests/Info.plist;
				LD_RUNPATH_SEARCH_PATHS = "$(inherited) @executable_path/Frameworks @loader_path/Frameworks";
				PRODUCT_BUNDLE_IDENTIFIER = com.appsquabble.bigdayTests;
				PRODUCT_NAME = "$(TARGET_NAME)";
				SWIFT_VERSION = 3.0;
				TEST_HOST = "$(BUILT_PRODUCTS_DIR)/bigday.app/bigday";
			};
			name = Debug;
		};
		4DA6F04F1EA61B1000382210 /* Release */ = {
			isa = XCBuildConfiguration;
			baseConfigurationReference = CEEC9D5C2557A5AA284FC699 /* Pods-bigdayTests.release.xcconfig */;
			buildSettings = {
				ALWAYS_EMBED_SWIFT_STANDARD_LIBRARIES = YES;
				BUNDLE_LOADER = "$(TEST_HOST)";
				INFOPLIST_FILE = bigdayTests/Info.plist;
				LD_RUNPATH_SEARCH_PATHS = "$(inherited) @executable_path/Frameworks @loader_path/Frameworks";
				PRODUCT_BUNDLE_IDENTIFIER = com.appsquabble.bigdayTests;
				PRODUCT_NAME = "$(TARGET_NAME)";
				SWIFT_VERSION = 3.0;
				TEST_HOST = "$(BUILT_PRODUCTS_DIR)/bigday.app/bigday";
			};
			name = Release;
		};
		4DA6F0511EA61B1000382210 /* Debug */ = {
			isa = XCBuildConfiguration;
			baseConfigurationReference = 45A863933463191437F71E8C /* Pods-bigdayUITests.debug.xcconfig */;
			buildSettings = {
				ALWAYS_EMBED_SWIFT_STANDARD_LIBRARIES = YES;
				INFOPLIST_FILE = bigdayUITests/Info.plist;
				LD_RUNPATH_SEARCH_PATHS = "$(inherited) @executable_path/Frameworks @loader_path/Frameworks";
				PRODUCT_BUNDLE_IDENTIFIER = com.appsquabble.bigdayUITests;
				PRODUCT_NAME = "$(TARGET_NAME)";
				SWIFT_VERSION = 3.0;
				TEST_TARGET_NAME = bigday;
			};
			name = Debug;
		};
		4DA6F0521EA61B1000382210 /* Release */ = {
			isa = XCBuildConfiguration;
			baseConfigurationReference = 7300A5820F36E57B66BF2F55 /* Pods-bigdayUITests.release.xcconfig */;
			buildSettings = {
				ALWAYS_EMBED_SWIFT_STANDARD_LIBRARIES = YES;
				INFOPLIST_FILE = bigdayUITests/Info.plist;
				LD_RUNPATH_SEARCH_PATHS = "$(inherited) @executable_path/Frameworks @loader_path/Frameworks";
				PRODUCT_BUNDLE_IDENTIFIER = com.appsquabble.bigdayUITests;
				PRODUCT_NAME = "$(TARGET_NAME)";
				SWIFT_VERSION = 3.0;
				TEST_TARGET_NAME = bigday;
			};
			name = Release;
		};
/* End XCBuildConfiguration section */

/* Begin XCConfigurationList section */
		4DA6F01B1EA61B0F00382210 /* Build configuration list for PBXProject "bigday" */ = {
			isa = XCConfigurationList;
			buildConfigurations = (
				4DA6F0481EA61B1000382210 /* Debug */,
				4DA6F0491EA61B1000382210 /* Release */,
			);
			defaultConfigurationIsVisible = 0;
			defaultConfigurationName = Release;
		};
		4DA6F04A1EA61B1000382210 /* Build configuration list for PBXNativeTarget "bigday" */ = {
			isa = XCConfigurationList;
			buildConfigurations = (
				4DA6F04B1EA61B1000382210 /* Debug */,
				4DA6F04C1EA61B1000382210 /* Release */,
			);
			defaultConfigurationIsVisible = 0;
			defaultConfigurationName = Release;
		};
		4DA6F04D1EA61B1000382210 /* Build configuration list for PBXNativeTarget "bigdayTests" */ = {
			isa = XCConfigurationList;
			buildConfigurations = (
				4DA6F04E1EA61B1000382210 /* Debug */,
				4DA6F04F1EA61B1000382210 /* Release */,
			);
			defaultConfigurationIsVisible = 0;
			defaultConfigurationName = Release;
		};
		4DA6F0501EA61B1000382210 /* Build configuration list for PBXNativeTarget "bigdayUITests" */ = {
			isa = XCConfigurationList;
			buildConfigurations = (
				4DA6F0511EA61B1000382210 /* Debug */,
				4DA6F0521EA61B1000382210 /* Release */,
			);
			defaultConfigurationIsVisible = 0;
			defaultConfigurationName = Release;
		};
/* End XCConfigurationList section */
	};
	rootObject = 4DA6F0181EA61B0F00382210 /* Project object */;
}
